
Microsoft Visual Studio Solution File, Format Version 12.00
# Visual Studio Version 16
VisualStudioVersion = 16.0.30011.22
MinimumVisualStudioVersion = 10.0.40219.1
Project("{FAE04EC0-301F-11D3-BF4B-00C04F79EFBC}") = "DemoBootstrap.WebMvc", "DemoBootstrap.WebMvc\DemoBootstrap.WebMvc.csproj", "{E5FC9D89-95E2-4AC8-AE16-43229F8BE155}"
EndProject
Global
	GlobalSection(SolutionConfigurationPlatforms) = preSolution
		Debug|Any CPU = Debug|Any CPU
		Release|Any CPU = Release|Any CPU
	EndGlobalSection
	GlobalSection(ProjectConfigurationPlatforms) = postSolution
		{E5FC9D89-95E2-4AC8-AE16-43229F8BE155}.Debug|Any CPU.ActiveCfg = Debug|Any CPU
		{E5FC9D89-95E2-4AC8-AE16-43229F8BE155}.Debug|Any CPU.Build.0 = Debug|Any CPU
		{E5FC9D89-95E2-4AC8-AE16-43229F8BE155}.Release|Any CPU.ActiveCfg = Release|Any CPU
		{E5FC9D89-95E2-4AC8-AE16-43229F8BE155}.Release|Any CPU.Build.0 = Release|Any CPU
	EndGlobalSection
	GlobalSection(SolutionProperties) = preSolution
		HideSolutionNode = FALSE
	EndGlobalSection
	GlobalSection(ExtensibilityGlobals) = postSolution
		SolutionGuid = {2C0B95D5-E88E-4D19-BE29-A74EA60EB2FC}
	EndGlobalSection
EndGlobal
